
Microsoft Visual Studio Solution File, Format Version 12.00
# Visual Studio 2012
Project("{FAE04EC0-301F-11D3-BF4B-00C04F79EFBC}") = "TIE_Lab3_NetCore", "TIE_Lab3_NetCore.csproj", "{2617C926-7501-4FA1-81DF-B5A7628313EC}"
EndProject
Global
	GlobalSection(SolutionConfigurationPlatforms) = preSolution
		Debug|Any CPU = Debug|Any CPU
		Release|Any CPU = Release|Any CPU
	EndGlobalSection
	GlobalSection(ProjectConfigurationPlatforms) = postSolution
		{2617C926-7501-4FA1-81DF-B5A7628313EC}.Debug|Any CPU.ActiveCfg = Debug|Any CPU
		{2617C926-7501-4FA1-81DF-B5A7628313EC}.Debug|Any CPU.Build.0 = Debug|Any CPU
		{2617C926-7501-4FA1-81DF-B5A7628313EC}.Release|Any CPU.ActiveCfg = Release|Any CPU
		{2617C926-7501-4FA1-81DF-B5A7628313EC}.Release|Any CPU.Build.0 = Release|Any CPU
	EndGlobalSection
EndGlobal
